PODS:
  - CoverSheet (0.1.0)

DEPENDENCIES:
  - CoverSheet (from `https://github.com/colinfwalsh/CoverSheet`, branch `develop-cw-animationUpdates`)

EXTERNAL SOURCES:
  CoverSheet:
    :branch: develop-cw-animationUpdates
    :git: https://github.com/colinfwalsh/CoverSheet

CHECKOUT OPTIONS:
  CoverSheet:
    :commit: 945ad608672769296e0ad3addb23c2bb8328827b
    :git: https://github.com/colinfwalsh/CoverSheet

SPEC CHECKSUMS:
  CoverSheet: 4940949665cb6e98857555eab16f5f577471561f

PODFILE CHECKSUM: e6e3043f69d32e829e61cf9c44a3f443b3ccc2e6

COCOAPODS: 1.12.0
