PODS:
  - CoverSheet (0.1.2)

DEPENDENCIES:
  - CoverSheet (from `https://github.com/colinfwalsh/CoverSheet`, branch `main`)

EXTERNAL SOURCES:
  CoverSheet:
    :branch: main
    :git: https://github.com/colinfwalsh/CoverSheet

CHECKOUT OPTIONS:
  CoverSheet:
    :commit: 495cfd418ef16fd84c91a9e56a18669dd942e47f
    :git: https://github.com/colinfwalsh/CoverSheet

SPEC CHECKSUMS:
  CoverSheet: 666c31abd1397ee848f2d50ed3eb29b26228f622

PODFILE CHECKSUM: 36d872246534e38eca7b2aad81955597ada3ab96

COCOAPODS: 1.12.0
