// !$*UTF8*$!
{
	archiveVersion = 1;
	classes = {
	};
	objectVersion = 56;
	objects = {

/* Begin PBXBuildFile section */
		BD7A002629B6710300DD4D9C /* AppDelegate.swift in Sources */ = {isa = PBXBuildFile; fileRef = BD7A002529B6710300DD4D9C /* AppDelegate.swift */; };
		BD7A002829B6710300DD4D9C /* SceneDelegate.swift in Sources */ = {isa = PBXBuildFile; fileRef = BD7A002729B6710300DD4D9C /* SceneDelegate.swift */; };
		BD7A002A29B6710300DD4D9C /* ViewController.swift in Sources */ = {isa = PBXBuildFile; fileRef = BD7A002929B6710300DD4D9C /* ViewController.swift */; };
		BD7A002D29B6710300DD4D9C /* Main.storyboard in Resources */ = {isa = PBXBuildFile; fileRef = BD7A002B29B6710300DD4D9C /* Main.storyboard */; };
		BD7A002F29B6710400DD4D9C /* Assets.xcassets in Resources */ = {isa = PBXBuildFile; fileRef = BD7A002E29B6710400DD4D9C /* Assets.xcassets */; };
		BD7A003229B6710400DD4D9C /* LaunchScreen.storyboard in Resources */ = {isa = PBXBuildFile; fileRef = BD7A003029B6710400DD4D9C /* LaunchScreen.storyboard */; };
		BD7A004429B6735C00DD4D9C /* CoverSheet in Frameworks */ = {isa = PBXBuildFile; productRef = BD7A004329B6735C00DD4D9C /* CoverSheet */; };
/* End PBXBuildFile section */

/* Begin PBXFileReference section */
		BD7A002229B6710300DD4D9C /* CoverSheet-UIKit-Example.app */ = {isa = PBXFileReference; explicitFileType = wrapper.application; includeInIndex = 0; path = "CoverSheet-UIKit-Example.app"; sourceTree = BUILT_PRODUCTS_DIR; };
		BD7A002529B6710300DD4D9C /* AppDelegate.swift */ = {isa = PBXFileReference; lastKnownFileType = sourcecode.swift; path = AppDelegate.swift; sourceTree = "<group>"; };
		BD7A002729B6710300DD4D9C /* SceneDelegate.swift */ = {isa = PBXFileReference; lastKnownFileType = sourcecode.swift; path = SceneDelegate.swift; sourceTree = "<group>"; };
		BD7A002929B6710300DD4D9C /* ViewController.swift */ = {isa = PBXFileReference; lastKnownFileType = sourcecode.swift; path = ViewController.swift; sourceTree = "<group>"; };
		BD7A002C29B6710300DD4D9C /* Base */ = {isa = PBXFileReference; lastKnownFileType = file.storyboard; name = Base; path = Base.lproj/Main.storyboard; sourceTree = "<group>"; };
		BD7A002E29B6710400DD4D9C /* Assets.xcassets */ = {isa = PBXFileReference; lastKnownFileType = folder.assetcatalog; path = Assets.xcassets; sourceTree = "<group>"; };
		BD7A003129B6710400DD4D9C /* Base */ = {isa = PBXFileReference; lastKnownFileType = file.storyboard; name = Base; path = Base.lproj/LaunchScreen.storyboard; sourceTree = "<group>"; };
		BD7A003329B6710400DD4D9C /* Info.plist */ = {isa = PBXFileReference; lastKnownFileType = text.plist.xml; path = Info.plist; sourceTree = "<group>"; };
		BD7A003B29B6715D00DD4D9C /* Package.swift */ = {isa = PBXFileReference; lastKnownFileType = sourcecode.swift; name = Package.swift; path = ../CoverSheet/Package.swift; sourceTree = "<group>"; };
/* End PBXFileReference section */

/* Begin PBXFrameworksBuildPhase section */
		BD7A001F29B6710300DD4D9C /* Frameworks */ = {
			isa = PBXFrameworksBuildPhase;
			buildActionMask = 2147483647;
			files = (
				BD7A004429B6735C00DD4D9C /* CoverSheet in Frameworks */,
			);
			runOnlyForDeploymentPostprocessing = 0;
		};
/* End PBXFrameworksBuildPhase section */

/* Begin PBXGroup section */
		BD7A001929B6710300DD4D9C = {
			isa = PBXGroup;
			children = (
				BD7A002429B6710300DD4D9C /* CoverSheet-UIKit-Example */,
				BD7A002329B6710300DD4D9C /* Products */,
				BD7A003A29B6712100DD4D9C /* Frameworks */,
			);
			sourceTree = "<group>";
		};
		BD7A002329B6710300DD4D9C /* Products */ = {
			isa = PBXGroup;
			children = (
				BD7A002229B6710300DD4D9C /* CoverSheet-UIKit-Example.app */,
			);
			name = Products;
			sourceTree = "<group>";
		};
		BD7A002429B6710300DD4D9C /* CoverSheet-UIKit-Example */ = {
			isa = PBXGroup;
			children = (
				BD7A002529B6710300DD4D9C /* AppDelegate.swift */,
				BD7A002729B6710300DD4D9C /* SceneDelegate.swift */,
				BD7A002929B6710300DD4D9C /* ViewController.swift */,
				BD7A002B29B6710300DD4D9C /* Main.storyboard */,
				BD7A002E29B6710400DD4D9C /* Assets.xcassets */,
				BD7A003029B6710400DD4D9C /* LaunchScreen.storyboard */,
				BD7A003329B6710400DD4D9C /* Info.plist */,
			);
			path = "CoverSheet-UIKit-Example";
			sourceTree = "<group>";
		};
		BD7A003A29B6712100DD4D9C /* Frameworks */ = {
			isa = PBXGroup;
			children = (
				BD7A003B29B6715D00DD4D9C /* Package.swift */,
			);
			name = Frameworks;
			sourceTree = "<group>";
		};
/* End PBXGroup section */

/* Begin PBXNativeTarget section */
		BD7A002129B6710300DD4D9C /* CoverSheet-UIKit-Example */ = {
			isa = PBXNativeTarget;
			buildConfigurationList = BD7A003629B6710400DD4D9C /* Build configuration list for PBXNativeTarget "CoverSheet-UIKit-Example" */;
			buildPhases = (
				BD7A001E29B6710300DD4D9C /* Sources */,
				BD7A001F29B6710300DD4D9C /* Frameworks */,
				BD7A002029B6710300DD4D9C /* Resources */,
			);
			buildRules = (
			);
			dependencies = (
			);
			name = "CoverSheet-UIKit-Example";
			packageProductDependencies = (
				BD7A004329B6735C00DD4D9C /* CoverSheet */,
			);
			productName = "CoverSheet-UIKit-Example";
			productReference = BD7A002229B6710300DD4D9C /* CoverSheet-UIKit-Example.app */;
			productType = "com.apple.product-type.application";
		};
/* End PBXNativeTarget section */

/* Begin PBXProject section */
		BD7A001A29B6710300DD4D9C /* Project object */ = {
			isa = PBXProject;
			attributes = {
				BuildIndependentTargetsInParallel = 1;
				LastSwiftUpdateCheck = 1420;
				LastUpgradeCheck = 1420;
				TargetAttributes = {
					BD7A002129B6710300DD4D9C = {
						CreatedOnToolsVersion = 14.2;
					};
				};
			};
			buildConfigurationList = BD7A001D29B6710300DD4D9C /* Build configuration list for PBXProject "CoverSheet-UIKit-Example" */;
			compatibilityVersion = "Xcode 14.0";
			developmentRegion = en;
			hasScannedForEncodings = 0;
			knownRegions = (
				en,
				Base,
			);
			mainGroup = BD7A001929B6710300DD4D9C;
			packageReferences = (
				BD7A004229B6735C00DD4D9C /* XCRemoteSwiftPackageReference "CoverSheet" */,
			);
			productRefGroup = BD7A002329B6710300DD4D9C /* Products */;
			projectDirPath = "";
			projectRoot = "";
			targets = (
				BD7A002129B6710300DD4D9C /* CoverSheet-UIKit-Example */,
			);
		};
/* End PBXProject section */

/* Begin PBXResourcesBuildPhase section */
		BD7A002029B6710300DD4D9C /* Resources */ = {
			isa = PBXResourcesBuildPhase;
			buildActionMask = 2147483647;
			files = (
				BD7A003229B6710400DD4D9C /* LaunchScreen.storyboard in Resources */,
				BD7A002F29B6710400DD4D9C /* Assets.xcassets in Resources */,
				BD7A002D29B6710300DD4D9C /* Main.storyboard in Resources */,
			);
			runOnlyForDeploymentPostprocessing = 0;
		};
/* End PBXResourcesBuildPhase section */

/* Begin PBXSourcesBuildPhase section */
		BD7A001E29B6710300DD4D9C /* Sources */ = {
			isa = PBXSourcesBuildPhase;
			buildActionMask = 2147483647;
			files = (
				BD7A002A29B6710300DD4D9C /* ViewController.swift in Sources */,
				BD7A002629B6710300DD4D9C /* AppDelegate.swift in Sources */,
				BD7A002829B6710300DD4D9C /* SceneDelegate.swift in Sources */,
			);
			runOnlyForDeploymentPostprocessing = 0;
		};
/* End PBXSourcesBuildPhase section */

/* Begin PBXVariantGroup section */
		BD7A002B29B6710300DD4D9C /* Main.storyboard */ = {
			isa = PBXVariantGroup;
			children = (
				BD7A002C29B6710300DD4D9C /* Base */,
			);
			name = Main.storyboard;
			sourceTree = "<group>";
		};
		BD7A003029B6710400DD4D9C /* LaunchScreen.storyboard */ = {
			isa = PBXVariantGroup;
			children = (
				BD7A003129B6710400DD4D9C /* Base */,
			);
			name = LaunchScreen.storyboard;
			sourceTree = "<group>";
		};
/* End PBXVariantGroup section */

/* Begin XCBuildConfiguration section */
		BD7A003429B6710400DD4D9C /* Debug */ = {
			isa = XCBuildConfiguration;
			buildSettings = {
				ALWAYS_SEARCH_USER_PATHS = NO;
				CLANG_ANALYZER_NONNULL = YES;
				CLANG_ANALYZER_NUMBER_OBJECT_CONVERSION = YES_AGGRESSIVE;
				CLANG_CXX_LANGUAGE_STANDARD = "gnu++20";
				CLANG_ENABLE_MODULES = YES;
				CLANG_ENABLE_OBJC_ARC = YES;
				CLANG_ENABLE_OBJC_WEAK = YES;
				CLANG_WARN_BLOCK_CAPTURE_AUTORELEASING = YES;
				CLANG_WARN_BOOL_CONVERSION = YES;
				CLANG_WARN_COMMA = YES;
				CLANG_WARN_CONSTANT_CONVERSION = YES;
				CLANG_WARN_DEPRECATED_OBJC_IMPLEMENTATIONS = YES;
				CLANG_WARN_DIRECT_OBJC_ISA_USAGE = YES_ERROR;
				CLANG_WARN_DOCUMENTATION_COMMENTS = YES;
				CLANG_WARN_EMPTY_BODY = YES;
				CLANG_WARN_ENUM_CONVERSION = YES;
				CLANG_WARN_INFINITE_RECURSION = YES;
				CLANG_WARN_INT_CONVERSION = YES;
				CLANG_WARN_NON_LITERAL_NULL_CONVERSION = YES;
				CLANG_WARN_OBJC_IMPLICIT_RETAIN_SELF = YES;
				CLANG_WARN_OBJC_LITERAL_CONVERSION = YES;
				CLANG_WARN_OBJC_ROOT_CLASS = YES_ERROR;
				CLANG_WARN_QUOTED_INCLUDE_IN_FRAMEWORK_HEADER = YES;
				CLANG_WARN_RANGE_LOOP_ANALYSIS = YES;
				CLANG_WARN_STRICT_PROTOTYPES = YES;
				CLANG_WARN_SUSPICIOUS_MOVE = YES;
				CLANG_WARN_UNGUARDED_AVAILABILITY = YES_AGGRESSIVE;
				CLANG_WARN_UNREACHABLE_CODE = YES;
				CLANG_WARN__DUPLICATE_METHOD_MATCH = YES;
				COPY_PHASE_STRIP = NO;
				DEBUG_INFORMATION_FORMAT = dwarf;
				ENABLE_STRICT_OBJC_MSGSEND = YES;
				ENABLE_TESTABILITY = YES;
				GCC_C_LANGUAGE_STANDARD = gnu11;
				GCC_DYNAMIC_NO_PIC = NO;
				GCC_NO_COMMON_BLOCKS = YES;
				GCC_OPTIMIZATION_LEVEL = 0;
				GCC_PREPROCESSOR_DEFINITIONS = (
					"DEBUG=1",
					"$(inherited)",
				);
				GCC_WARN_64_TO_32_BIT_CONVERSION = YES;
				GCC_WARN_ABOUT_RETURN_TYPE = YES_ERROR;
				GCC_WARN_UNDECLARED_SELECTOR = YES;
				GCC_WARN_UNINITIALIZED_AUTOS = YES_AGGRESSIVE;
				GCC_WARN_UNUSED_FUNCTION = YES;
				GCC_WARN_UNUSED_VARIABLE = YES;
				IPHONEOS_DEPLOYMENT_TARGET = 16.2;
				MTL_ENABLE_DEBUG_INFO = INCLUDE_SOURCE;
				MTL_FAST_MATH = YES;
				ONLY_ACTIVE_ARCH = YES;
				SDKROOT = iphoneos;
				SWIFT_ACTIVE_COMPILATION_CONDITIONS = DEBUG;
				SWIFT_OPTIMIZATION_LEVEL = "-Onone";
			};
			name = Debug;
		};
		BD7A003529B6710400DD4D9C /* Release */ = {
			isa = XCBuildConfiguration;
			buildSettings = {
				ALWAYS_SEARCH_USER_PATHS = NO;
				CLANG_ANALYZER_NONNULL = YES;
				CLANG_ANALYZER_NUMBER_OBJECT_CONVERSION = YES_AGGRESSIVE;
				CLANG_CXX_LANGUAGE_STANDARD = "gnu++20";
				CLANG_ENABLE_MODULES = YES;
				CLANG_ENABLE_OBJC_ARC = YES;
				CLANG_ENABLE_OBJC_WEAK = YES;
				CLANG_WARN_BLOCK_CAPTURE_AUTORELEASING = YES;
				CLANG_WARN_BOOL_CONVERSION = YES;
				CLANG_WARN_COMMA = YES;
				CLANG_WARN_CONSTANT_CONVERSION = YES;
				CLANG_WARN_DEPRECATED_OBJC_IMPLEMENTATIONS = YES;
				CLANG_WARN_DIRECT_OBJC_ISA_USAGE = YES_ERROR;
				CLANG_WARN_DOCUMENTATION_COMMENTS = YES;
				CLANG_WARN_EMPTY_BODY = YES;
				CLANG_WARN_ENUM_CONVERSION = YES;
				CLANG_WARN_INFINITE_RECURSION = YES;
				CLANG_WARN_INT_CONVERSION = YES;
				CLANG_WARN_NON_LITERAL_NULL_CONVERSION = YES;
				CLANG_WARN_OBJC_IMPLICIT_RETAIN_SELF = YES;
				CLANG_WARN_OBJC_LITERAL_CONVERSION = YES;
				CLANG_WARN_OBJC_ROOT_CLASS = YES_ERROR;
				CLANG_WARN_QUOTED_INCLUDE_IN_FRAMEWORK_HEADER = YES;
				CLANG_WARN_RANGE_LOOP_ANALYSIS = YES;
				CLANG_WARN_STRICT_PROTOTYPES = YES;
				CLANG_WARN_SUSPICIOUS_MOVE = YES;
				CLANG_WARN_UNGUARDED_AVAILABILITY = YES_AGGRESSIVE;
				CLANG_WARN_UNREACHABLE_CODE = YES;
				CLANG_WARN__DUPLICATE_METHOD_MATCH = YES;
				COPY_PHASE_STRIP = NO;
				DEBUG_INFORMATION_FORMAT = "dwarf-with-dsym";
				ENABLE_NS_ASSERTIONS = NO;
				ENABLE_STRICT_OBJC_MSGSEND = YES;
				GCC_C_LANGUAGE_STANDARD = gnu11;
				GCC_NO_COMMON_BLOCKS = YES;
				GCC_WARN_64_TO_32_BIT_CONVERSION = YES;
				GCC_WARN_ABOUT_RETURN_TYPE = YES_ERROR;
				GCC_WARN_UNDECLARED_SELECTOR = YES;
				GCC_WARN_UNINITIALIZED_AUTOS = YES_AGGRESSIVE;
				GCC_WARN_UNUSED_FUNCTION = YES;
				GCC_WARN_UNUSED_VARIABLE = YES;
				IPHONEOS_DEPLOYMENT_TARGET = 16.2;
				MTL_ENABLE_DEBUG_INFO = NO;
				MTL_FAST_MATH = YES;
				SDKROOT = iphoneos;
				SWIFT_COMPILATION_MODE = wholemodule;
				SWIFT_OPTIMIZATION_LEVEL = "-O";
				VALIDATE_PRODUCT = YES;
			};
			name = Release;
		};
		BD7A003729B6710400DD4D9C /* Debug */ = {
			isa = XCBuildConfiguration;
			buildSettings = {
				ASSETCATALOG_COMPILER_APPICON_NAME = AppIcon;
				ASSETCATALOG_COMPILER_GLOBAL_ACCENT_COLOR_NAME = AccentColor;
				CODE_SIGN_STYLE = Automatic;
				CURRENT_PROJECT_VERSION = 1;
				GENERATE_INFOPLIST_FILE = YES;
				INFOPLIST_FILE = "CoverSheet-UIKit-Example/Info.plist";
				INFOPLIST_KEY_UIApplicationSupportsIndirectInputEvents = YES;
				INFOPLIST_KEY_UILaunchStoryboardName = LaunchScreen;
				INFOPLIST_KEY_UIMainStoryboardFile = Main;
				INFOPLIST_KEY_UISupportedInterfaceOrientations_iPad = "UIInterfaceOrientationPortrait UIInterfaceOrientationPortraitUpsideDown UIInterfaceOrientationLandscapeLeft UIInterfaceOrientationLandscapeRight";
				INFOPLIST_KEY_UISupportedInterfaceOrientations_iPhone = "UIInterfaceOrientationPortrait UIInterfaceOrientationLandscapeLeft UIInterfaceOrientationLandscapeRight";
				LD_RUNPATH_SEARCH_PATHS = (
					"$(inherited)",
					"@executable_path/Frameworks",
				);
				MARKETING_VERSION = 1.0;
				PRODUCT_BUNDLE_IDENTIFIER = "io.blkbox.CoverSheet-UIKit-Example";
				PRODUCT_NAME = "$(TARGET_NAME)";
				SWIFT_EMIT_LOC_STRINGS = YES;
				SWIFT_VERSION = 5.0;
				TARGETED_DEVICE_FAMILY = "1,2";
			};
			name = Debug;
		};
		BD7A003829B6710400DD4D9C /* Release */ = {
			isa = XCBuildConfiguration;
			buildSettings = {
				ASSETCATALOG_COMPILER_APPICON_NAME = AppIcon;
				ASSETCATALOG_COMPILER_GLOBAL_ACCENT_COLOR_NAME = AccentColor;
				CODE_SIGN_STYLE = Automatic;
				CURRENT_PROJECT_VERSION = 1;
				GENERATE_INFOPLIST_FILE = YES;
				INFOPLIST_FILE = "CoverSheet-UIKit-Example/Info.plist";
				INFOPLIST_KEY_UIApplicationSupportsIndirectInputEvents = YES;
				INFOPLIST_KEY_UILaunchStoryboardName = LaunchScreen;
				INFOPLIST_KEY_UIMainStoryboardFile = Main;
				INFOPLIST_KEY_UISupportedInterfaceOrientations_iPad = "UIInterfaceOrientationPortrait UIInterfaceOrientationPortraitUpsideDown UIInterfaceOrientationLandscapeLeft UIInterfaceOrientationLandscapeRight";
				INFOPLIST_KEY_UISupportedInterfaceOrientations_iPhone = "UIInterfaceOrientationPortrait UIInterfaceOrientationLandscapeLeft UIInterfaceOrientationLandscapeRight";
				LD_RUNPATH_SEARCH_PATHS = (
					"$(inherited)",
					"@executable_path/Frameworks",
				);
				MARKETING_VERSION = 1.0;
				PRODUCT_BUNDLE_IDENTIFIER = "io.blkbox.CoverSheet-UIKit-Example";
				PRODUCT_NAME = "$(TARGET_NAME)";
				SWIFT_EMIT_LOC_STRINGS = YES;
				SWIFT_VERSION = 5.0;
				TARGETED_DEVICE_FAMILY = "1,2";
			};
			name = Release;
		};
/* End XCBuildConfiguration section */

/* Begin XCConfigurationList section */
		BD7A001D29B6710300DD4D9C /* Build configuration list for PBXProject "CoverSheet-UIKit-Example" */ = {
			isa = XCConfigurationList;
			buildConfigurations = (
				BD7A003429B6710400DD4D9C /* Debug */,
				BD7A003529B6710400DD4D9C /* Release */,
			);
			defaultConfigurationIsVisible = 0;
			defaultConfigurationName = Release;
		};
		BD7A003629B6710400DD4D9C /* Build configuration list for PBXNativeTarget "CoverSheet-UIKit-Example" */ = {
			isa = XCConfigurationList;
			buildConfigurations = (
				BD7A003729B6710400DD4D9C /* Debug */,
				BD7A003829B6710400DD4D9C /* Release */,
			);
			defaultConfigurationIsVisible = 0;
			defaultConfigurationName = Release;
		};
/* End XCConfigurationList section */

/* Begin XCRemoteSwiftPackageReference section */
		BD7A004229B6735C00DD4D9C /* XCRemoteSwiftPackageReference "CoverSheet" */ = {
			isa = XCRemoteSwiftPackageReference;
			repositoryURL = "https://github.com/colinfwalsh/CoverSheet";
			requirement = {
				branch = main;
				kind = branch;
			};
		};
/* End XCRemoteSwiftPackageReference section */

/* Begin XCSwiftPackageProductDependency section */
		BD7A004329B6735C00DD4D9C /* CoverSheet */ = {
			isa = XCSwiftPackageProductDependency;
			package = BD7A004229B6735C00DD4D9C /* XCRemoteSwiftPackageReference "CoverSheet" */;
			productName = CoverSheet;
		};
/* End XCSwiftPackageProductDependency section */
	};
	rootObject = BD7A001A29B6710300DD4D9C /* Project object */;
}
