{
  "pins" : [
    {
      "identity" : "coversheet",
      "kind" : "remoteSourceControl",
      "location" : "https://github.com/colinfwalsh/CoverSheet",
      "state" : {
        "branch" : "main",
        "revision" : "f08425220d5ca538fe49c376f2e1782bb9dbf77f"
      }
    }
  ],
  "version" : 2
}
